// !$*UTF8*$!
{
	archiveVersion = 1;
	classes = {
	};
	objectVersion = 46;
	objects = {

/* Begin PBXBuildFile section */
		A0A272E11C3E293D00D93BCB /* AppDelegate.swift in Sources */ = {isa = PBXBuildFile; fileRef = A0A272E01C3E293D00D93BCB /* AppDelegate.swift */; };
		A0A272E31C3E293D00D93BCB /* ViewController.swift in Sources */ = {isa = PBXBuildFile; fileRef = A0A272E21C3E293D00D93BCB /* ViewController.swift */; };
		A0A272E61C3E293D00D93BCB /* Main.storyboard in Resources */ = {isa = PBXBuildFile; fileRef = A0A272E41C3E293D00D93BCB /* Main.storyboard */; };
		A0A272E81C3E293D00D93BCB /* Assets.xcassets in Resources */ = {isa = PBXBuildFile; fileRef = A0A272E71C3E293D00D93BCB /* Assets.xcassets */; };
		A0A272EB1C3E293D00D93BCB /* LaunchScreen.storyboard in Resources */ = {isa = PBXBuildFile; fileRef = A0A272E91C3E293D00D93BCB /* LaunchScreen.storyboard */; };
		A0A272F31C3E2AAB00D93BCB /* pokemon.csv in Resources */ = {isa = PBXBuildFile; fileRef = A0A272F21C3E2AAB00D93BCB /* pokemon.csv */; };
		A0A272F61C3E2B6F00D93BCB /* Pokemon.swift in Sources */ = {isa = PBXBuildFile; fileRef = A0A272F51C3E2B6F00D93BCB /* Pokemon.swift */; };
		A0A272F91C3E301200D93BCB /* PokeCell.swift in Sources */ = {isa = PBXBuildFile; fileRef = A0A272F81C3E301200D93BCB /* PokeCell.swift */; };
		A0A272FB1C3E34A900D93BCB /* csv.swift in Sources */ = {isa = PBXBuildFile; fileRef = A0A272FA1C3E34A900D93BCB /* csv.swift */; };
		A0A273001C3E3A2900D93BCB /* pokemon.ttf in Resources */ = {isa = PBXBuildFile; fileRef = A0A272FF1C3E3A2900D93BCB /* pokemon.ttf */; };
		A0A273021C3E3BEC00D93BCB /* music.mp3 in Resources */ = {isa = PBXBuildFile; fileRef = A0A273011C3E3BEC00D93BCB /* music.mp3 */; };
/* End PBXBuildFile section */

/* Begin PBXFileReference section */
		A0A272DD1C3E293D00D93BCB /* pokedex.app */ = {isa = PBXFileReference; explicitFileType = wrapper.application; includeInIndex = 0; path = pokedex.app; sourceTree = BUILT_PRODUCTS_DIR; };
		A0A272E01C3E293D00D93BCB /* AppDelegate.swift */ = {isa = PBXFileReference; lastKnownFileType = sourcecode.swift; path = AppDelegate.swift; sourceTree = "<group>"; };
		A0A272E21C3E293D00D93BCB /* ViewController.swift */ = {isa = PBXFileReference; lastKnownFileType = sourcecode.swift; path = ViewController.swift; sourceTree = "<group>"; };
		A0A272E51C3E293D00D93BCB /* Base */ = {isa = PBXFileReference; lastKnownFileType = file.storyboard; name = Base; path = Base.lproj/Main.storyboard; sourceTree = "<group>"; };
		A0A272E71C3E293D00D93BCB /* Assets.xcassets */ = {isa = PBXFileReference; lastKnownFileType = folder.assetcatalog; path = Assets.xcassets; sourceTree = "<group>"; };
		A0A272EA1C3E293D00D93BCB /* Base */ = {isa = PBXFileReference; lastKnownFileType = file.storyboard; name = Base; path = Base.lproj/LaunchScreen.storyboard; sourceTree = "<group>"; };
		A0A272EC1C3E293D00D93BCB /* Info.plist */ = {isa = PBXFileReference; lastKnownFileType = text.plist.xml; path = Info.plist; sourceTree = "<group>"; };
		A0A272F21C3E2AAB00D93BCB /* pokemon.csv */ = {isa = PBXFileReference; fileEncoding = 4; lastKnownFileType = text; path = pokemon.csv; sourceTree = "<group>"; };
		A0A272F51C3E2B6F00D93BCB /* Pokemon.swift */ = {isa = PBXFileReference; fileEncoding = 4; lastKnownFileType = sourcecode.swift; path = Pokemon.swift; sourceTree = "<group>"; };
		A0A272F81C3E301200D93BCB /* PokeCell.swift */ = {isa = PBXFileReference; fileEncoding = 4; lastKnownFileType = sourcecode.swift; path = PokeCell.swift; sourceTree = "<group>"; };
		A0A272FA1C3E34A900D93BCB /* csv.swift */ = {isa = PBXFileReference; fileEncoding = 4; lastKnownFileType = sourcecode.swift; path = csv.swift; sourceTree = "<group>"; };
		A0A272FF1C3E3A2900D93BCB /* pokemon.ttf */ = {isa = PBXFileReference; lastKnownFileType = file; path = pokemon.ttf; sourceTree = "<group>"; };
		A0A273011C3E3BEC00D93BCB /* music.mp3 */ = {isa = PBXFileReference; lastKnownFileType = audio.mp3; path = music.mp3; sourceTree = "<group>"; };
/* End PBXFileReference section */

/* Begin PBXFrameworksBuildPhase section */
		A0A272DA1C3E293D00D93BCB /* Frameworks */ = {
			isa = PBXFrameworksBuildPhase;
			buildActionMask = 2147483647;
			files = (
			);
			runOnlyForDeploymentPostprocessing = 0;
		};
/* End PBXFrameworksBuildPhase section */

/* Begin PBXGroup section */
		A0A272D41C3E293D00D93BCB = {
			isa = PBXGroup;
			children = (
				A0A272DF1C3E293D00D93BCB /* pokedex */,
				A0A272DE1C3E293D00D93BCB /* Products */,
			);
			sourceTree = "<group>";
		};
		A0A272DE1C3E293D00D93BCB /* Products */ = {
			isa = PBXGroup;
			children = (
				A0A272DD1C3E293D00D93BCB /* pokedex.app */,
			);
			name = Products;
			sourceTree = "<group>";
		};
		A0A272DF1C3E293D00D93BCB /* pokedex */ = {
			isa = PBXGroup;
			children = (
				A0A272F41C3E2B6000D93BCB /* Model */,
				A0A272F71C3E2FF200D93BCB /* View */,
				A0A272FD1C3E34D600D93BCB /* Controller */,
				A0A272FC1C3E34CD00D93BCB /* Util */,
				A0A272FE1C3E34E100D93BCB /* Resources */,
				A0A272E01C3E293D00D93BCB /* AppDelegate.swift */,
				A0A272E41C3E293D00D93BCB /* Main.storyboard */,
				A0A272E71C3E293D00D93BCB /* Assets.xcassets */,
				A0A272E91C3E293D00D93BCB /* LaunchScreen.storyboard */,
				A0A272EC1C3E293D00D93BCB /* Info.plist */,
			);
			path = pokedex;
			sourceTree = "<group>";
		};
		A0A272F41C3E2B6000D93BCB /* Model */ = {
			isa = PBXGroup;
			children = (
				A0A272F51C3E2B6F00D93BCB /* Pokemon.swift */,
			);
			name = Model;
			sourceTree = "<group>";
		};
		A0A272F71C3E2FF200D93BCB /* View */ = {
			isa = PBXGroup;
			children = (
				A0A272F81C3E301200D93BCB /* PokeCell.swift */,
			);
			name = View;
			sourceTree = "<group>";
		};
		A0A272FC1C3E34CD00D93BCB /* Util */ = {
			isa = PBXGroup;
			children = (
				A0A272FA1C3E34A900D93BCB /* csv.swift */,
			);
			name = Util;
			sourceTree = "<group>";
		};
		A0A272FD1C3E34D600D93BCB /* Controller */ = {
			isa = PBXGroup;
			children = (
				A0A272E21C3E293D00D93BCB /* ViewController.swift */,
			);
			name = Controller;
			sourceTree = "<group>";
		};
		A0A272FE1C3E34E100D93BCB /* Resources */ = {
			isa = PBXGroup;
			children = (
				A0A273011C3E3BEC00D93BCB /* music.mp3 */,
				A0A272FF1C3E3A2900D93BCB /* pokemon.ttf */,
				A0A272F21C3E2AAB00D93BCB /* pokemon.csv */,
			);
			name = Resources;
			sourceTree = "<group>";
		};
/* End PBXGroup section */

/* Begin PBXNativeTarget section */
		A0A272DC1C3E293D00D93BCB /* pokedex */ = {
			isa = PBXNativeTarget;
			buildConfigurationList = A0A272EF1C3E293D00D93BCB /* Build configuration list for PBXNativeTarget "pokedex" */;
			buildPhases = (
				A0A272D91C3E293D00D93BCB /* Sources */,
				A0A272DA1C3E293D00D93BCB /* Frameworks */,
				A0A272DB1C3E293D00D93BCB /* Resources */,
			);
			buildRules = (
			);
			dependencies = (
			);
			name = pokedex;
			productName = pokedex;
			productReference = A0A272DD1C3E293D00D93BCB /* pokedex.app */;
			productType = "com.apple.product-type.application";
		};
/* End PBXNativeTarget section */

/* Begin PBXProject section */
		A0A272D51C3E293D00D93BCB /* Project object */ = {
			isa = PBXProject;
			attributes = {
				LastSwiftUpdateCheck = 0720;
				LastUpgradeCheck = 0720;
				ORGANIZATIONNAME = "Adrian Padua";
				TargetAttributes = {
					A0A272DC1C3E293D00D93BCB = {
						CreatedOnToolsVersion = 7.2;
					};
				};
			};
			buildConfigurationList = A0A272D81C3E293D00D93BCB /* Build configuration list for PBXProject "pokedex" */;
			compatibilityVersion = "Xcode 3.2";
			developmentRegion = English;
			hasScannedForEncodings = 0;
			knownRegions = (
				en,
				Base,
			);
			mainGroup = A0A272D41C3E293D00D93BCB;
			productRefGroup = A0A272DE1C3E293D00D93BCB /* Products */;
			projectDirPath = "";
			projectRoot = "";
			targets = (
				A0A272DC1C3E293D00D93BCB /* pokedex */,
			);
		};
/* End PBXProject section */

/* Begin PBXResourcesBuildPhase section */
		A0A272DB1C3E293D00D93BCB /* Resources */ = {
			isa = PBXResourcesBuildPhase;
			buildActionMask = 2147483647;
			files = (
				A0A273001C3E3A2900D93BCB /* pokemon.ttf in Resources */,
				A0A272EB1C3E293D00D93BCB /* LaunchScreen.storyboard in Resources */,
				A0A273021C3E3BEC00D93BCB /* music.mp3 in Resources */,
				A0A272E81C3E293D00D93BCB /* Assets.xcassets in Resources */,
				A0A272F31C3E2AAB00D93BCB /* pokemon.csv in Resources */,
				A0A272E61C3E293D00D93BCB /* Main.storyboard in Resources */,
			);
			runOnlyForDeploymentPostprocessing = 0;
		};
/* End PBXResourcesBuildPhase section */

/* Begin PBXSourcesBuildPhase section */
		A0A272D91C3E293D00D93BCB /* Sources */ = {
			isa = PBXSourcesBuildPhase;
			buildActionMask = 2147483647;
			files = (
				A0A272F91C3E301200D93BCB /* PokeCell.swift in Sources */,
				A0A272E31C3E293D00D93BCB /* ViewController.swift in Sources */,
				A0A272E11C3E293D00D93BCB /* AppDelegate.swift in Sources */,
				A0A272F61C3E2B6F00D93BCB /* Pokemon.swift in Sources */,
				A0A272FB1C3E34A900D93BCB /* csv.swift in Sources */,
			);
			runOnlyForDeploymentPostprocessing = 0;
		};
/* End PBXSourcesBuildPhase section */

/* Begin PBXVariantGroup section */
		A0A272E41C3E293D00D93BCB /* Main.storyboard */ = {
			isa = PBXVariantGroup;
			children = (
				A0A272E51C3E293D00D93BCB /* Base */,
			);
			name = Main.storyboard;
			sourceTree = "<group>";
		};
		A0A272E91C3E293D00D93BCB /* LaunchScreen.storyboard */ = {
			isa = PBXVariantGroup;
			children = (
				A0A272EA1C3E293D00D93BCB /* Base */,
			);
			name = LaunchScreen.storyboard;
			sourceTree = "<group>";
		};
/* End PBXVariantGroup section */

/* Begin XCBuildConfiguration section */
		A0A272ED1C3E293D00D93BCB /* Debug */ = {
			isa = XCBuildConfiguration;
			buildSettings = {
				ALWAYS_SEARCH_USER_PATHS = NO;
				CLANG_CXX_LANGUAGE_STANDARD = "gnu++0x";
				CLANG_CXX_LIBRARY = "libc++";
				CLANG_ENABLE_MODULES = YES;
				CLANG_ENABLE_OBJC_ARC = YES;
				CLANG_WARN_BOOL_CONVERSION = YES;
				CLANG_WARN_CONSTANT_CONVERSION = YES;
				CLANG_WARN_DIRECT_OBJC_ISA_USAGE = YES_ERROR;
				CLANG_WARN_EMPTY_BODY = YES;
				CLANG_WARN_ENUM_CONVERSION = YES;
				CLANG_WARN_INT_CONVERSION = YES;
				CLANG_WARN_OBJC_ROOT_CLASS = YES_ERROR;
				CLANG_WARN_UNREACHABLE_CODE = YES;
				CLANG_WARN__DUPLICATE_METHOD_MATCH = YES;
				"CODE_SIGN_IDENTITY[sdk=iphoneos*]" = "iPhone Developer";
				COPY_PHASE_STRIP = NO;
				DEBUG_INFORMATION_FORMAT = dwarf;
				ENABLE_STRICT_OBJC_MSGSEND = YES;
				ENABLE_TESTABILITY = YES;
				GCC_C_LANGUAGE_STANDARD = gnu99;
				GCC_DYNAMIC_NO_PIC = NO;
				GCC_NO_COMMON_BLOCKS = YES;
				GCC_OPTIMIZATION_LEVEL = 0;
				GCC_PREPROCESSOR_DEFINITIONS = (
					"DEBUG=1",
					"$(inherited)",
				);
				GCC_WARN_64_TO_32_BIT_CONVERSION = YES;
				GCC_WARN_ABOUT_RETURN_TYPE = YES_ERROR;
				GCC_WARN_UNDECLARED_SELECTOR = YES;
				GCC_WARN_UNINITIALIZED_AUTOS = YES_AGGRESSIVE;
				GCC_WARN_UNUSED_FUNCTION = YES;
				GCC_WARN_UNUSED_VARIABLE = YES;
				IPHONEOS_DEPLOYMENT_TARGET = 9.2;
				MTL_ENABLE_DEBUG_INFO = YES;
				ONLY_ACTIVE_ARCH = YES;
				SDKROOT = iphoneos;
				SWIFT_OPTIMIZATION_LEVEL = "-Onone";
			};
			name = Debug;
		};
		A0A272EE1C3E293D00D93BCB /* Release */ = {
			isa = XCBuildConfiguration;
			buildSettings = {
				ALWAYS_SEARCH_USER_PATHS = NO;
				CLANG_CXX_LANGUAGE_STANDARD = "gnu++0x";
				CLANG_CXX_LIBRARY = "libc++";
				CLANG_ENABLE_MODULES = YES;
				CLANG_ENABLE_OBJC_ARC = YES;
				CLANG_WARN_BOOL_CONVERSION = YES;
				CLANG_WARN_CONSTANT_CONVERSION = YES;
				CLANG_WARN_DIRECT_OBJC_ISA_USAGE = YES_ERROR;
				CLANG_WARN_EMPTY_BODY = YES;
				CLANG_WARN_ENUM_CONVERSION = YES;
				CLANG_WARN_INT_CONVERSION = YES;
				CLANG_WARN_OBJC_ROOT_CLASS = YES_ERROR;
				CLANG_WARN_UNREACHABLE_CODE = YES;
				CLANG_WARN__DUPLICATE_METHOD_MATCH = YES;
				"CODE_SIGN_IDENTITY[sdk=iphoneos*]" = "iPhone Developer";
				COPY_PHASE_STRIP = NO;
				DEBUG_INFORMATION_FORMAT = "dwarf-with-dsym";
				ENABLE_NS_ASSERTIONS = NO;
				ENABLE_STRICT_OBJC_MSGSEND = YES;
				GCC_C_LANGUAGE_STANDARD = gnu99;
				GCC_NO_COMMON_BLOCKS = YES;
				GCC_WARN_64_TO_32_BIT_CONVERSION = YES;
				GCC_WARN_ABOUT_RETURN_TYPE = YES_ERROR;
				GCC_WARN_UNDECLARED_SELECTOR = YES;
				GCC_WARN_UNINITIALIZED_AUTOS = YES_AGGRESSIVE;
				GCC_WARN_UNUSED_FUNCTION = YES;
				GCC_WARN_UNUSED_VARIABLE = YES;
				IPHONEOS_DEPLOYMENT_TARGET = 9.2;
				MTL_ENABLE_DEBUG_INFO = NO;
				SDKROOT = iphoneos;
				VALIDATE_PRODUCT = YES;
			};
			name = Release;
		};
		A0A272F01C3E293D00D93BCB /* Debug */ = {
			isa = XCBuildConfiguration;
			buildSettings = {
				ASSETCATALOG_COMPILER_APPICON_NAME = AppIcon;
				INFOPLIST_FILE = pokedex/Info.plist;
				LD_RUNPATH_SEARCH_PATHS = "$(inherited) @executable_path/Frameworks";
				PRODUCT_BUNDLE_IDENTIFIER = com.adrpadua.pokedex;
				PRODUCT_NAME = "$(TARGET_NAME)";
				TARGETED_DEVICE_FAMILY = "1,2";
			};
			name = Debug;
		};
		A0A272F11C3E293D00D93BCB /* Release */ = {
			isa = XCBuildConfiguration;
			buildSettings = {
				ASSETCATALOG_COMPILER_APPICON_NAME = AppIcon;
				INFOPLIST_FILE = pokedex/Info.plist;
				LD_RUNPATH_SEARCH_PATHS = "$(inherited) @executable_path/Frameworks";
				PRODUCT_BUNDLE_IDENTIFIER = com.adrpadua.pokedex;
				PRODUCT_NAME = "$(TARGET_NAME)";
				TARGETED_DEVICE_FAMILY = "1,2";
			};
			name = Release;
		};
/* End XCBuildConfiguration section */

/* Begin XCConfigurationList section */
		A0A272D81C3E293D00D93BCB /* Build configuration list for PBXProject "pokedex" */ = {
			isa = XCConfigurationList;
			buildConfigurations = (
				A0A272ED1C3E293D00D93BCB /* Debug */,
				A0A272EE1C3E293D00D93BCB /* Release */,
			);
			defaultConfigurationIsVisible = 0;
			defaultConfigurationName = Release;
		};
		A0A272EF1C3E293D00D93BCB /* Build configuration list for PBXNativeTarget "pokedex" */ = {
			isa = XCConfigurationList;
			buildConfigurations = (
				A0A272F01C3E293D00D93BCB /* Debug */,
				A0A272F11C3E293D00D93BCB /* Release */,
			);
			defaultConfigurationIsVisible = 0;
		};
/* End XCConfigurationList section */
	};
	rootObject = A0A272D51C3E293D00D93BCB /* Project object */;
}
